
Microsoft Visual Studio Solution File, Format Version 12.00
# Visual Studio Version 17
VisualStudioVersion = 17.3.32819.101
MinimumVisualStudioVersion = 10.0.40219.1
Project("{FAE04EC0-301F-11D3-BF4B-00C04F79EFBC}") = "ShapefileService", "ShapefileService\ShapefileService.csproj", "{973588CE-B6BA-46BD-B3B8-5F79D648A0D9}"
EndProject
Global
	GlobalSection(SolutionConfigurationPlatforms) = preSolution
		Debug|Any CPU = Debug|Any CPU
		Release|Any CPU = Release|Any CPU
	EndGlobalSection
	GlobalSection(ProjectConfigurationPlatforms) = postSolution
		{973588CE-B6BA-46BD-B3B8-5F79D648A0D9}.Debug|Any CPU.ActiveCfg = Debug|Any CPU
		{973588CE-B6BA-46BD-B3B8-5F79D648A0D9}.Debug|Any CPU.Build.0 = Debug|Any CPU
		{973588CE-B6BA-46BD-B3B8-5F79D648A0D9}.Release|Any CPU.ActiveCfg = Release|Any CPU
		{973588CE-B6BA-46BD-B3B8-5F79D648A0D9}.Release|Any CPU.Build.0 = Release|Any CPU
	EndGlobalSection
	GlobalSection(SolutionProperties) = preSolution
		HideSolutionNode = FALSE
	EndGlobalSection
	GlobalSection(ExtensibilityGlobals) = postSolution
		SolutionGuid = {F1A16FE6-5C72-45C3-B2BB-8DDA0F79A4F0}
	EndGlobalSection
EndGlobal
